
Microsoft Visual Studio Solution File, Format Version 12.00
# Visual Studio Version 16
VisualStudioVersion = 16.0.28729.10
MinimumVisualStudioVersion = 10.0.40219.1
Project("{F184B08F-C81C-45F6-A57F-5ABD9991F28F}") = "R2Core", "R2Core\R2Core.vbproj", "{B0651D1E-73A2-4E74-8483-6FBC60831969}"
EndProject
Project("{F184B08F-C81C-45F6-A57F-5ABD9991F28F}") = "R2CoreGUI", "R2CoreGUI\R2CoreGUI.vbproj", "{D9AEF791-83E7-4238-BB9C-DE0C57E0ED37}"
EndProject
Project("{F184B08F-C81C-45F6-A57F-5ABD9991F28F}") = "PayanehClassLibrary", "PayanehClassLibrary\PayanehClassLibrary.vbproj", "{8BCFE2EF-2C83-4137-BAAF-87E380D41971}"
EndProject
Project("{F184B08F-C81C-45F6-A57F-5ABD9991F28F}") = "R2CoreParkingSystem", "R2CoreParkingSystem\R2CoreParkingSystem.vbproj", "{68EE9753-9B39-4D0B-BFE5-0F941A5F183C}"
EndProject
Project("{F184B08F-C81C-45F6-A57F-5ABD9991F28F}") = "R2CoreLPR", "R2CoreLPR\R2CoreLPR.vbproj", "{D3413023-D590-432C-8A6A-6BF2038624CF}"
EndProject
Project("{F184B08F-C81C-45F6-A57F-5ABD9991F28F}") = "R2PrimaryTest", "R2PrimaryTest\R2PrimaryTest.vbproj", "{8E62A6DC-65C4-4290-8DC2-D419D5AA43FB}"
EndProject
Project("{F184B08F-C81C-45F6-A57F-5ABD9991F28F}") = "R2PrimaryWebService", "R2PrimaryWebService\R2PrimaryWebService.vbproj", "{AF20E2D6-768E-4A2A-ACA0-ED4225B75340}"
EndProject
Project("{F184B08F-C81C-45F6-A57F-5ABD9991F28F}") = "R2PrimaryFileSharingWebService", "R2PrimaryFileSharingWebService\R2PrimaryFileSharingWebService.vbproj", "{ABB67D05-310B-4C0A-8638-D55362CF5C21}"
EndProject
Project("{F184B08F-C81C-45F6-A57F-5ABD9991F28F}") = "R2PrimaryAttendance", "R2PrimaryAttendance\R2PrimaryAttendance.vbproj", "{6ABD3F56-A554-45B2-898C-EED7C83A79CE}"
EndProject
Project("{F184B08F-C81C-45F6-A57F-5ABD9991F28F}") = "R2CoreTransportationAndLoadNotification", "R2CoreTransportationAndLoadNotification\R2CoreTransportationAndLoadNotification.vbproj", "{EF77B294-2E31-4914-AF7B-289A6A1BF8DC}"
EndProject
Project("{F184B08F-C81C-45F6-A57F-5ABD9991F28F}") = "PayanehAmirKabirAutomatedJobs", "PayanehAmirKabirAutomatedJobs\PayanehAmirKabirAutomatedJobs.vbproj", "{8B1AEA93-85A7-43D1-BE12-967B0DBB9347}"
EndProject
Project("{54435603-DBB4-11D2-8724-00A0C9A8B90C}") = "ATISSetup", "ATISSetup\ATISSetup.vdproj", "{F36D057B-5E9F-4FBB-9713-37EC4C01E23C}"
EndProject
Project("{F184B08F-C81C-45F6-A57F-5ABD9991F28F}") = "ATISDesktop", "ATISDesktop\ATISDesktop.vbproj", "{84380CEE-1679-4D30-A4A7-1D5132754BC0}"
EndProject
Project("{54435603-DBB4-11D2-8724-00A0C9A8B90C}") = "PayanehAmirKabirAutomatedJobsSetup", "PayanehAmirKabirAutomatedJobsSetup\PayanehAmirKabirAutomatedJobsSetup.vdproj", "{CD4D089B-F7A1-40BD-861F-CAC85601D27B}"
EndProject
Project("{54435603-DBB4-11D2-8724-00A0C9A8B90C}") = "R2PrimaryAttendanceSetup", "R2PrimaryAttendanceSetup\R2PrimaryAttendanceSetup.vdproj", "{092901B2-3C90-4BEB-90B3-D1E4034432ED}"
EndProject
Project("{F184B08F-C81C-45F6-A57F-5ABD9991F28F}") = "PayanehWebService", "PayanehWebService\PayanehWebService.vbproj", "{D8550DFA-71AE-4EDF-A612-ABEE34889750}"
EndProject
Project("{F184B08F-C81C-45F6-A57F-5ABD9991F28F}") = "R2PrimaryAutomatedJobs", "R2PrimaryAutomatedJobs\R2PrimaryAutomatedJobs.vbproj", "{07D2413C-4F43-4F79-B1DE-1A70E7DEBA2A}"
EndProject
Project("{54435603-DBB4-11D2-8724-00A0C9A8B90C}") = "R2PrimaryAutomatedJobsSetup", "R2PrimaryAutomatedJobsSetup\R2PrimaryAutomatedJobsSetup.vdproj", "{6AA0D65D-6B33-4A9B-A07F-8B94647ECA1A}"
EndProject
Project("{FAE04EC0-301F-11D3-BF4B-00C04F79EFBC}") = "ATISWeb", "ATISWeb\ATISWeb.csproj", "{193848F6-E6C2-4F65-A16A-0820DDC61FD6}"
EndProject
Project("{FAE04EC0-301F-11D3-BF4B-00C04F79EFBC}") = "ATISMobileRestful", "ATISMobileRestful\ATISMobileRestful.csproj", "{2FBBFF1B-4081-4073-BE24-13791B29E1EB}"
EndProject
Project("{FAE04EC0-301F-11D3-BF4B-00C04F79EFBC}") = "R2WebCoreUI", "R2WebCoreUI\R2WebCoreUI.csproj", "{8E2075B9-8AD8-48E2-9A7D-0DA0AC4CDDC9}"
EndProject
Project("{FAE04EC0-301F-11D3-BF4B-00C04F79EFBC}") = "R2PrimaryTestCSharp", "R2PrimaryTestCSharp\R2PrimaryTestCSharp.csproj", "{E7DF8ED5-2B94-4345-9AC5-81B21B351835}"
EndProject
Global
	GlobalSection(SolutionConfigurationPlatforms) = preSolution
		Debug|Any CPU = Debug|Any CPU
		Release|Any CPU = Release|Any CPU
	EndGlobalSection
	GlobalSection(ProjectConfigurationPlatforms) = postSolution
		{B0651D1E-73A2-4E74-8483-6FBC60831969}.Debug|Any CPU.ActiveCfg = Debug|Any CPU
		{B0651D1E-73A2-4E74-8483-6FBC60831969}.Debug|Any CPU.Build.0 = Debug|Any CPU
		{B0651D1E-73A2-4E74-8483-6FBC60831969}.Release|Any CPU.ActiveCfg = Release|Any CPU
		{B0651D1E-73A2-4E74-8483-6FBC60831969}.Release|Any CPU.Build.0 = Release|Any CPU
		{D9AEF791-83E7-4238-BB9C-DE0C57E0ED37}.Debug|Any CPU.ActiveCfg = Debug|Any CPU
		{D9AEF791-83E7-4238-BB9C-DE0C57E0ED37}.Debug|Any CPU.Build.0 = Debug|Any CPU
		{D9AEF791-83E7-4238-BB9C-DE0C57E0ED37}.Release|Any CPU.ActiveCfg = Release|Any CPU
		{D9AEF791-83E7-4238-BB9C-DE0C57E0ED37}.Release|Any CPU.Build.0 = Release|Any CPU
		{8BCFE2EF-2C83-4137-BAAF-87E380D41971}.Debug|Any CPU.ActiveCfg = Debug|Any CPU
		{8BCFE2EF-2C83-4137-BAAF-87E380D41971}.Debug|Any CPU.Build.0 = Debug|Any CPU
		{8BCFE2EF-2C83-4137-BAAF-87E380D41971}.Release|Any CPU.ActiveCfg = Release|Any CPU
		{8BCFE2EF-2C83-4137-BAAF-87E380D41971}.Release|Any CPU.Build.0 = Release|Any CPU
		{68EE9753-9B39-4D0B-BFE5-0F941A5F183C}.Debug|Any CPU.ActiveCfg = Debug|Any CPU
		{68EE9753-9B39-4D0B-BFE5-0F941A5F183C}.Debug|Any CPU.Build.0 = Debug|Any CPU
		{68EE9753-9B39-4D0B-BFE5-0F941A5F183C}.Release|Any CPU.ActiveCfg = Release|Any CPU
		{68EE9753-9B39-4D0B-BFE5-0F941A5F183C}.Release|Any CPU.Build.0 = Release|Any CPU
		{D3413023-D590-432C-8A6A-6BF2038624CF}.Debug|Any CPU.ActiveCfg = Debug|Any CPU
		{D3413023-D590-432C-8A6A-6BF2038624CF}.Debug|Any CPU.Build.0 = Debug|Any CPU
		{D3413023-D590-432C-8A6A-6BF2038624CF}.Release|Any CPU.ActiveCfg = Release|Any CPU
		{D3413023-D590-432C-8A6A-6BF2038624CF}.Release|Any CPU.Build.0 = Release|Any CPU
		{8E62A6DC-65C4-4290-8DC2-D419D5AA43FB}.Debug|Any CPU.ActiveCfg = Debug|Any CPU
		{8E62A6DC-65C4-4290-8DC2-D419D5AA43FB}.Debug|Any CPU.Build.0 = Debug|Any CPU
		{8E62A6DC-65C4-4290-8DC2-D419D5AA43FB}.Release|Any CPU.ActiveCfg = Release|Any CPU
		{8E62A6DC-65C4-4290-8DC2-D419D5AA43FB}.Release|Any CPU.Build.0 = Release|Any CPU
		{AF20E2D6-768E-4A2A-ACA0-ED4225B75340}.Debug|Any CPU.ActiveCfg = Debug|Any CPU
		{AF20E2D6-768E-4A2A-ACA0-ED4225B75340}.Debug|Any CPU.Build.0 = Debug|Any CPU
		{AF20E2D6-768E-4A2A-ACA0-ED4225B75340}.Release|Any CPU.ActiveCfg = Release|Any CPU
		{AF20E2D6-768E-4A2A-ACA0-ED4225B75340}.Release|Any CPU.Build.0 = Release|Any CPU
		{ABB67D05-310B-4C0A-8638-D55362CF5C21}.Debug|Any CPU.ActiveCfg = Debug|Any CPU
		{ABB67D05-310B-4C0A-8638-D55362CF5C21}.Debug|Any CPU.Build.0 = Debug|Any CPU
		{ABB67D05-310B-4C0A-8638-D55362CF5C21}.Release|Any CPU.ActiveCfg = Release|Any CPU
		{ABB67D05-310B-4C0A-8638-D55362CF5C21}.Release|Any CPU.Build.0 = Release|Any CPU
		{6ABD3F56-A554-45B2-898C-EED7C83A79CE}.Debug|Any CPU.ActiveCfg = Debug|Any CPU
		{6ABD3F56-A554-45B2-898C-EED7C83A79CE}.Debug|Any CPU.Build.0 = Debug|Any CPU
		{6ABD3F56-A554-45B2-898C-EED7C83A79CE}.Release|Any CPU.ActiveCfg = Release|Any CPU
		{6ABD3F56-A554-45B2-898C-EED7C83A79CE}.Release|Any CPU.Build.0 = Release|Any CPU
		{EF77B294-2E31-4914-AF7B-289A6A1BF8DC}.Debug|Any CPU.ActiveCfg = Debug|Any CPU
		{EF77B294-2E31-4914-AF7B-289A6A1BF8DC}.Debug|Any CPU.Build.0 = Debug|Any CPU
		{EF77B294-2E31-4914-AF7B-289A6A1BF8DC}.Release|Any CPU.ActiveCfg = Release|Any CPU
		{EF77B294-2E31-4914-AF7B-289A6A1BF8DC}.Release|Any CPU.Build.0 = Release|Any CPU
		{8B1AEA93-85A7-43D1-BE12-967B0DBB9347}.Debug|Any CPU.ActiveCfg = Debug|Any CPU
		{8B1AEA93-85A7-43D1-BE12-967B0DBB9347}.Debug|Any CPU.Build.0 = Debug|Any CPU
		{8B1AEA93-85A7-43D1-BE12-967B0DBB9347}.Release|Any CPU.ActiveCfg = Release|Any CPU
		{8B1AEA93-85A7-43D1-BE12-967B0DBB9347}.Release|Any CPU.Build.0 = Release|Any CPU
		{F36D057B-5E9F-4FBB-9713-37EC4C01E23C}.Debug|Any CPU.ActiveCfg = Debug
		{F36D057B-5E9F-4FBB-9713-37EC4C01E23C}.Release|Any CPU.ActiveCfg = Release
		{84380CEE-1679-4D30-A4A7-1D5132754BC0}.Debug|Any CPU.ActiveCfg = Debug|Any CPU
		{84380CEE-1679-4D30-A4A7-1D5132754BC0}.Debug|Any CPU.Build.0 = Debug|Any CPU
		{84380CEE-1679-4D30-A4A7-1D5132754BC0}.Release|Any CPU.ActiveCfg = Release|Any CPU
		{84380CEE-1679-4D30-A4A7-1D5132754BC0}.Release|Any CPU.Build.0 = Release|Any CPU
		{CD4D089B-F7A1-40BD-861F-CAC85601D27B}.Debug|Any CPU.ActiveCfg = Debug
		{CD4D089B-F7A1-40BD-861F-CAC85601D27B}.Release|Any CPU.ActiveCfg = Release
		{092901B2-3C90-4BEB-90B3-D1E4034432ED}.Debug|Any CPU.ActiveCfg = Debug
		{092901B2-3C90-4BEB-90B3-D1E4034432ED}.Release|Any CPU.ActiveCfg = Release
		{D8550DFA-71AE-4EDF-A612-ABEE34889750}.Debug|Any CPU.ActiveCfg = Debug|Any CPU
		{D8550DFA-71AE-4EDF-A612-ABEE34889750}.Debug|Any CPU.Build.0 = Debug|Any CPU
		{D8550DFA-71AE-4EDF-A612-ABEE34889750}.Release|Any CPU.ActiveCfg = Release|Any CPU
		{D8550DFA-71AE-4EDF-A612-ABEE34889750}.Release|Any CPU.Build.0 = Release|Any CPU
		{07D2413C-4F43-4F79-B1DE-1A70E7DEBA2A}.Debug|Any CPU.ActiveCfg = Debug|Any CPU
		{07D2413C-4F43-4F79-B1DE-1A70E7DEBA2A}.Debug|Any CPU.Build.0 = Debug|Any CPU
		{07D2413C-4F43-4F79-B1DE-1A70E7DEBA2A}.Release|Any CPU.ActiveCfg = Release|Any CPU
		{07D2413C-4F43-4F79-B1DE-1A70E7DEBA2A}.Release|Any CPU.Build.0 = Release|Any CPU
		{6AA0D65D-6B33-4A9B-A07F-8B94647ECA1A}.Debug|Any CPU.ActiveCfg = Debug
		{6AA0D65D-6B33-4A9B-A07F-8B94647ECA1A}.Release|Any CPU.ActiveCfg = Release
		{193848F6-E6C2-4F65-A16A-0820DDC61FD6}.Debug|Any CPU.ActiveCfg = Debug|Any CPU
		{193848F6-E6C2-4F65-A16A-0820DDC61FD6}.Debug|Any CPU.Build.0 = Debug|Any CPU
		{193848F6-E6C2-4F65-A16A-0820DDC61FD6}.Release|Any CPU.ActiveCfg = Release|Any CPU
		{193848F6-E6C2-4F65-A16A-0820DDC61FD6}.Release|Any CPU.Build.0 = Release|Any CPU
		{2FBBFF1B-4081-4073-BE24-13791B29E1EB}.Debug|Any CPU.ActiveCfg = Debug|Any CPU
		{2FBBFF1B-4081-4073-BE24-13791B29E1EB}.Debug|Any CPU.Build.0 = Debug|Any CPU
		{2FBBFF1B-4081-4073-BE24-13791B29E1EB}.Release|Any CPU.ActiveCfg = Release|Any CPU
		{2FBBFF1B-4081-4073-BE24-13791B29E1EB}.Release|Any CPU.Build.0 = Release|Any CPU
		{8E2075B9-8AD8-48E2-9A7D-0DA0AC4CDDC9}.Debug|Any CPU.ActiveCfg = Debug|Any CPU
		{8E2075B9-8AD8-48E2-9A7D-0DA0AC4CDDC9}.Debug|Any CPU.Build.0 = Debug|Any CPU
		{8E2075B9-8AD8-48E2-9A7D-0DA0AC4CDDC9}.Release|Any CPU.ActiveCfg = Release|Any CPU
		{8E2075B9-8AD8-48E2-9A7D-0DA0AC4CDDC9}.Release|Any CPU.Build.0 = Release|Any CPU
		{E7DF8ED5-2B94-4345-9AC5-81B21B351835}.Debug|Any CPU.ActiveCfg = Debug|Any CPU
		{E7DF8ED5-2B94-4345-9AC5-81B21B351835}.Debug|Any CPU.Build.0 = Debug|Any CPU
		{E7DF8ED5-2B94-4345-9AC5-81B21B351835}.Release|Any CPU.ActiveCfg = Release|Any CPU
		{E7DF8ED5-2B94-4345-9AC5-81B21B351835}.Release|Any CPU.Build.0 = Release|Any CPU
	EndGlobalSection
	GlobalSection(SolutionProperties) = preSolution
		HideSolutionNode = FALSE
	EndGlobalSection
	GlobalSection(ExtensibilityGlobals) = postSolution
		SolutionGuid = {0BC69177-C18E-45F4-947D-8B6BA40FE6A1}
	EndGlobalSection
EndGlobal
